Microsoft Visual Studio Solution File, Format Version 12.00
# Visual Studio Version 17
VisualStudioVersion = 17.5.2.0
MinimumVisualStudioVersion = 10.0.40219.1
Project("{FAE04EC0-301F-11D3-BF4B-00C04F79EFBC}") = "head-controller", "head-controller.csproj", "{57FB1AB6-608D-A0DF-04E2-38E7F83FAC1E}"
EndProject
Global
	GlobalSection(SolutionConfigurationPlatforms) = preSolution
		Debug|Any CPU = Debug|Any CPU
		Release|Any CPU = Release|Any CPU
	EndGlobalSection
	GlobalSection(ProjectConfigurationPlatforms) = postSolution
		{57FB1AB6-608D-A0DF-04E2-38E7F83FAC1E}.Debug|Any CPU.ActiveCfg = Debug|Any CPU
		{57FB1AB6-608D-A0DF-04E2-38E7F83FAC1E}.Debug|Any CPU.Build.0 = Debug|Any CPU
		{57FB1AB6-608D-A0DF-04E2-38E7F83FAC1E}.Release|Any CPU.ActiveCfg = Release|Any CPU
		{57FB1AB6-608D-A0DF-04E2-38E7F83FAC1E}.Release|Any CPU.Build.0 = Release|Any CPU
	EndGlobalSection
	GlobalSection(SolutionProperties) = preSolution
		HideSolutionNode = FALSE
	EndGlobalSection
	GlobalSection(ExtensibilityGlobals) = postSolution
		SolutionGuid = {69B6E16E-B18C-427B-809D-D88CC6A0BC24}
	EndGlobalSection
EndGlobal
